// !$*UTF8*$!
{
	archiveVersion = 1;
	classes = {
	};
	objectVersion = 50;
	objects = {

/* Begin PBXBuildFile section */
		D8445041247FC74800482B49 /* AppDelegate.m in Sources */ = {isa = PBXBuildFile; fileRef = D8445040247FC74800482B49 /* AppDelegate.m */; };
		D8445044247FC74800482B49 /* SceneDelegate.m in Sources */ = {isa = PBXBuildFile; fileRef = D8445043247FC74800482B49 /* SceneDelegate.m */; };
		D8445047247FC74800482B49 /* ViewController.m in Sources */ = {isa = PBXBuildFile; fileRef = D8445046247FC74800482B49 /* ViewController.m */; };
		D844504A247FC74800482B49 /* Main.storyboard in Resources */ = {isa = PBXBuildFile; fileRef = D8445048247FC74800482B49 /* Main.storyboard */; };
		D844504C247FC74900482B49 /* Assets.xcassets in Resources */ = {isa = PBXBuildFile; fileRef = D844504B247FC74900482B49 /* Assets.xcassets */; };
		D844504F247FC74900482B49 /* LaunchScreen.storyboard in Resources */ = {isa = PBXBuildFile; fileRef = D844504D247FC74900482B49 /* LaunchScreen.storyboard */; };
		D8445052247FC74900482B49 /* main.m in Sources */ = {isa = PBXBuildFile; fileRef = D8445051247FC74900482B49 /* main.m */; };
		D844505C247FC74900482B49 /* fuckpodsTests.m in Sources */ = {isa = PBXBuildFile; fileRef = D844505B247FC74900482B49 /* fuckpodsTests.m */; };
		D8445067247FC74900482B49 /* fuckpodsUITests.m in Sources */ = {isa = PBXBuildFile; fileRef = D8445066247FC74900482B49 /* fuckpodsUITests.m */; };
/* End PBXBuildFile section */

/* Begin PBXContainerItemProxy section */
		D8445058247FC74900482B49 /* PBXContainerItemProxy */ = {
			isa = PBXContainerItemProxy;
			containerPortal = D8445034247FC74800482B49 /* Project object */;
			proxyType = 1;
			remoteGlobalIDString = D844503B247FC74800482B49;
			remoteInfo = fuckpods;
		};
		D8445063247FC74900482B49 /* PBXContainerItemProxy */ = {
			isa = PBXContainerItemProxy;
			containerPortal = D8445034247FC74800482B49 /* Project object */;
			proxyType = 1;
			remoteGlobalIDString = D844503B247FC74800482B49;
			remoteInfo = fuckpods;
		};
/* End PBXContainerItemProxy section */

/* Begin PBXFileReference section */
		D844503C247FC74800482B49 /* fuckpods.app */ = {isa = PBXFileReference; explicitFileType = wrapper.application; includeInIndex = 0; path = fuckpods.app; sourceTree = BUILT_PRODUCTS_DIR; };
		D844503F247FC74800482B49 /* AppDelegate.h */ = {isa = PBXFileReference; lastKnownFileType = sourcecode.c.h; path = AppDelegate.h; sourceTree = "<group>"; };
		D8445040247FC74800482B49 /* AppDelegate.m */ = {isa = PBXFileReference; lastKnownFileType = sourcecode.c.objc; path = AppDelegate.m; sourceTree = "<group>"; };
		D8445042247FC74800482B49 /* SceneDelegate.h */ = {isa = PBXFileReference; lastKnownFileType = sourcecode.c.h; path = SceneDelegate.h; sourceTree = "<group>"; };
		D8445043247FC74800482B49 /* SceneDelegate.m */ = {isa = PBXFileReference; lastKnownFileType = sourcecode.c.objc; path = SceneDelegate.m; sourceTree = "<group>"; };
		D8445045247FC74800482B49 /* ViewController.h */ = {isa = PBXFileReference; lastKnownFileType = sourcecode.c.h; path = ViewController.h; sourceTree = "<group>"; };
		D8445046247FC74800482B49 /* ViewController.m */ = {isa = PBXFileReference; lastKnownFileType = sourcecode.c.objc; path = ViewController.m; sourceTree = "<group>"; };
		D8445049247FC74800482B49 /* Base */ = {isa = PBXFileReference; lastKnownFileType = file.storyboard; name = Base; path = Base.lproj/Main.storyboard; sourceTree = "<group>"; };
		D844504B247FC74900482B49 /* Assets.xcassets */ = {isa = PBXFileReference; lastKnownFileType = folder.assetcatalog; path = Assets.xcassets; sourceTree = "<group>"; };
		D844504E247FC74900482B49 /* Base */ = {isa = PBXFileReference; lastKnownFileType = file.storyboard; name = Base; path = Base.lproj/LaunchScreen.storyboard; sourceTree = "<group>"; };
		D8445050247FC74900482B49 /* Info.plist */ = {isa = PBXFileReference; lastKnownFileType = text.plist.xml; path = Info.plist; sourceTree = "<group>"; };
		D8445051247FC74900482B49 /* main.m */ = {isa = PBXFileReference; lastKnownFileType = sourcecode.c.objc; path = main.m; sourceTree = "<group>"; };
		D8445057247FC74900482B49 /* fuckpodsTests.xctest */ = {isa = PBXFileReference; explicitFileType = wrapper.cfbundle; includeInIndex = 0; path = fuckpodsTests.xctest; sourceTree = BUILT_PRODUCTS_DIR; };
		D844505B247FC74900482B49 /* fuckpodsTests.m */ = {isa = PBXFileReference; lastKnownFileType = sourcecode.c.objc; path = fuckpodsTests.m; sourceTree = "<group>"; };
		D844505D247FC74900482B49 /* Info.plist */ = {isa = PBXFileReference; lastKnownFileType = text.plist.xml; path = Info.plist; sourceTree = "<group>"; };
		D8445062247FC74900482B49 /* fuckpodsUITests.xctest */ = {isa = PBXFileReference; explicitFileType = wrapper.cfbundle; includeInIndex = 0; path = fuckpodsUITests.xctest; sourceTree = BUILT_PRODUCTS_DIR; };
		D8445066247FC74900482B49 /* fuckpodsUITests.m */ = {isa = PBXFileReference; lastKnownFileType = sourcecode.c.objc; path = fuckpodsUITests.m; sourceTree = "<group>"; };
		D8445068247FC74900482B49 /* Info.plist */ = {isa = PBXFileReference; lastKnownFileType = text.plist.xml; path = Info.plist; sourceTree = "<group>"; };
/* End PBXFileReference section */

/* Begin PBXFrameworksBuildPhase section */
		D8445039247FC74800482B49 /* Frameworks */ = {
			isa = PBXFrameworksBuildPhase;
			buildActionMask = 2147483647;
			files = (
			);
			runOnlyForDeploymentPostprocessing = 0;
		};
		D8445054247FC74900482B49 /* Frameworks */ = {
			isa = PBXFrameworksBuildPhase;
			buildActionMask = 2147483647;
			files = (
			);
			runOnlyForDeploymentPostprocessing = 0;
		};
		D844505F247FC74900482B49 /* Frameworks */ = {
			isa = PBXFrameworksBuildPhase;
			buildActionMask = 2147483647;
			files = (
			);
			runOnlyForDeploymentPostprocessing = 0;
		};
/* End PBXFrameworksBuildPhase section */

/* Begin PBXGroup section */
		D8445033247FC74800482B49 = {
			isa = PBXGroup;
			children = (
				D844503E247FC74800482B49 /* fuckpods */,
				D844505A247FC74900482B49 /* fuckpodsTests */,
				D8445065247FC74900482B49 /* fuckpodsUITests */,
				D844503D247FC74800482B49 /* Products */,
			);
			sourceTree = "<group>";
		};
		D844503D247FC74800482B49 /* Products */ = {
			isa = PBXGroup;
			children = (
				D844503C247FC74800482B49 /* fuckpods.app */,
				D8445057247FC74900482B49 /* fuckpodsTests.xctest */,
				D8445062247FC74900482B49 /* fuckpodsUITests.xctest */,
			);
			name = Products;
			sourceTree = "<group>";
		};
		D844503E247FC74800482B49 /* fuckpods */ = {
			isa = PBXGroup;
			children = (
				D844503F247FC74800482B49 /* AppDelegate.h */,
				D8445040247FC74800482B49 /* AppDelegate.m */,
				D8445042247FC74800482B49 /* SceneDelegate.h */,
				D8445043247FC74800482B49 /* SceneDelegate.m */,
				D8445045247FC74800482B49 /* ViewController.h */,
				D8445046247FC74800482B49 /* ViewController.m */,
				D8445048247FC74800482B49 /* Main.storyboard */,
				D844504B247FC74900482B49 /* Assets.xcassets */,
				D844504D247FC74900482B49 /* LaunchScreen.storyboard */,
				D8445050247FC74900482B49 /* Info.plist */,
				D8445051247FC74900482B49 /* main.m */,
			);
			path = fuckpods;
			sourceTree = "<group>";
		};
		D844505A247FC74900482B49 /* fuckpodsTests */ = {
			isa = PBXGroup;
			children = (
				D844505B247FC74900482B49 /* fuckpodsTests.m */,
				D844505D247FC74900482B49 /* Info.plist */,
			);
			path = fuckpodsTests;
			sourceTree = "<group>";
		};
		D8445065247FC74900482B49 /* fuckpodsUITests */ = {
			isa = PBXGroup;
			children = (
				D8445066247FC74900482B49 /* fuckpodsUITests.m */,
				D8445068247FC74900482B49 /* Info.plist */,
			);
			path = fuckpodsUITests;
			sourceTree = "<group>";
		};
/* End PBXGroup section */

/* Begin PBXNativeTarget section */
		D844503B247FC74800482B49 /* fuckpods */ = {
			isa = PBXNativeTarget;
			buildConfigurationList = D844506B247FC74900482B49 /* Build configuration list for PBXNativeTarget "fuckpods" */;
			buildPhases = (
				D8445038247FC74800482B49 /* Sources */,
				D8445039247FC74800482B49 /* Frameworks */,
				D844503A247FC74800482B49 /* Resources */,
			);
			buildRules = (
			);
			dependencies = (
			);
			name = fuckpods;
			productName = fuckpods;
			productReference = D844503C247FC74800482B49 /* fuckpods.app */;
			productType = "com.apple.product-type.application";
		};
		D8445056247FC74900482B49 /* fuckpodsTests */ = {
			isa = PBXNativeTarget;
			buildConfigurationList = D844506E247FC74900482B49 /* Build configuration list for PBXNativeTarget "fuckpodsTests" */;
			buildPhases = (
				D8445053247FC74900482B49 /* Sources */,
				D8445054247FC74900482B49 /* Frameworks */,
				D8445055247FC74900482B49 /* Resources */,
			);
			buildRules = (
			);
			dependencies = (
				D8445059247FC74900482B49 /* PBXTargetDependency */,
			);
			name = fuckpodsTests;
			productName = fuckpodsTests;
			productReference = D8445057247FC74900482B49 /* fuckpodsTests.xctest */;
			productType = "com.apple.product-type.bundle.unit-test";
		};
		D8445061247FC74900482B49 /* fuckpodsUITests */ = {
			isa = PBXNativeTarget;
			buildConfigurationList = D8445071247FC74900482B49 /* Build configuration list for PBXNativeTarget "fuckpodsUITests" */;
			buildPhases = (
				D844505E247FC74900482B49 /* Sources */,
				D844505F247FC74900482B49 /* Frameworks */,
				D8445060247FC74900482B49 /* Resources */,
			);
			buildRules = (
			);
			dependencies = (
				D8445064247FC74900482B49 /* PBXTargetDependency */,
			);
			name = fuckpodsUITests;
			productName = fuckpodsUITests;
			productReference = D8445062247FC74900482B49 /* fuckpodsUITests.xctest */;
			productType = "com.apple.product-type.bundle.ui-testing";
		};
/* End PBXNativeTarget section */

/* Begin PBXProject section */
		D8445034247FC74800482B49 /* Project object */ = {
			isa = PBXProject;
			attributes = {
				LastUpgradeCheck = 1150;
				ORGANIZATIONNAME = cytx;
				TargetAttributes = {
					D844503B247FC74800482B49 = {
						CreatedOnToolsVersion = 11.5;
					};
					D8445056247FC74900482B49 = {
						CreatedOnToolsVersion = 11.5;
						TestTargetID = D844503B247FC74800482B49;
					};
					D8445061247FC74900482B49 = {
						CreatedOnToolsVersion = 11.5;
						TestTargetID = D844503B247FC74800482B49;
					};
				};
			};
			buildConfigurationList = D8445037247FC74800482B49 /* Build configuration list for PBXProject "fuckpods" */;
			compatibilityVersion = "Xcode 9.3";
			developmentRegion = en;
			hasScannedForEncodings = 0;
			knownRegions = (
				en,
				Base,
			);
			mainGroup = D8445033247FC74800482B49;
			productRefGroup = D844503D247FC74800482B49 /* Products */;
			projectDirPath = "";
			projectRoot = "";
			targets = (
				D844503B247FC74800482B49 /* fuckpods */,
				D8445056247FC74900482B49 /* fuckpodsTests */,
				D8445061247FC74900482B49 /* fuckpodsUITests */,
			);
		};
/* End PBXProject section */

/* Begin PBXResourcesBuildPhase section */
		D844503A247FC74800482B49 /* Resources */ = {
			isa = PBXResourcesBuildPhase;
			buildActionMask = 2147483647;
			files = (
				D844504F247FC74900482B49 /* LaunchScreen.storyboard in Resources */,
				D844504C247FC74900482B49 /* Assets.xcassets in Resources */,
				D844504A247FC74800482B49 /* Main.storyboard in Resources */,
			);
			runOnlyForDeploymentPostprocessing = 0;
		};
		D8445055247FC74900482B49 /* Resources */ = {
			isa = PBXResourcesBuildPhase;
			buildActionMask = 2147483647;
			files = (
			);
			runOnlyForDeploymentPostprocessing = 0;
		};
		D8445060247FC74900482B49 /* Resources */ = {
			isa = PBXResourcesBuildPhase;
			buildActionMask = 2147483647;
			files = (
			);
			runOnlyForDeploymentPostprocessing = 0;
		};
/* End PBXResourcesBuildPhase section */

/* Begin PBXSourcesBuildPhase section */
		D8445038247FC74800482B49 /* Sources */ = {
			isa = PBXSourcesBuildPhase;
			buildActionMask = 2147483647;
			files = (
				D8445047247FC74800482B49 /* ViewController.m in Sources */,
				D8445041247FC74800482B49 /* AppDelegate.m in Sources */,
				D8445052247FC74900482B49 /* main.m in Sources */,
				D8445044247FC74800482B49 /* SceneDelegate.m in Sources */,
			);
			runOnlyForDeploymentPostprocessing = 0;
		};
		D8445053247FC74900482B49 /* Sources */ = {
			isa = PBXSourcesBuildPhase;
			buildActionMask = 2147483647;
			files = (
				D844505C247FC74900482B49 /* fuckpodsTests.m in Sources */,
			);
			runOnlyForDeploymentPostprocessing = 0;
		};
		D844505E247FC74900482B49 /* Sources */ = {
			isa = PBXSourcesBuildPhase;
			buildActionMask = 2147483647;
			files = (
				D8445067247FC74900482B49 /* fuckpodsUITests.m in Sources */,
			);
			runOnlyForDeploymentPostprocessing = 0;
		};
/* End PBXSourcesBuildPhase section */

/* Begin PBXTargetDependency section */
		D8445059247FC74900482B49 /* PBXTargetDependency */ = {
			isa = PBXTargetDependency;
			target = D844503B247FC74800482B49 /* fuckpods */;
			targetProxy = D8445058247FC74900482B49 /* PBXContainerItemProxy */;
		};
		D8445064247FC74900482B49 /* PBXTargetDependency */ = {
			isa = PBXTargetDependency;
			target = D844503B247FC74800482B49 /* fuckpods */;
			targetProxy = D8445063247FC74900482B49 /* PBXContainerItemProxy */;
		};
/* End PBXTargetDependency section */

/* Begin PBXVariantGroup section */
		D8445048247FC74800482B49 /* Main.storyboard */ = {
			isa = PBXVariantGroup;
			children = (
				D8445049247FC74800482B49 /* Base */,
			);
			name = Main.storyboard;
			sourceTree = "<group>";
		};
		D844504D247FC74900482B49 /* LaunchScreen.storyboard */ = {
			isa = PBXVariantGroup;
			children = (
				D844504E247FC74900482B49 /* Base */,
			);
			name = LaunchScreen.storyboard;
			sourceTree = "<group>";
		};
/* End PBXVariantGroup section */

/* Begin XCBuildConfiguration section */
		D8445069247FC74900482B49 /* Debug */ = {
			isa = XCBuildConfiguration;
			buildSettings = {
				ALWAYS_SEARCH_USER_PATHS = NO;
				CLANG_ANALYZER_NONNULL = YES;
				CLANG_ANALYZER_NUMBER_OBJECT_CONVERSION = YES_AGGRESSIVE;
				CLANG_CXX_LANGUAGE_STANDARD = "gnu++14";
				CLANG_CXX_LIBRARY = "libc++";
				CLANG_ENABLE_MODULES = YES;
				CLANG_ENABLE_OBJC_ARC = YES;
				CLANG_ENABLE_OBJC_WEAK = YES;
				CLANG_WARN_BLOCK_CAPTURE_AUTORELEASING = YES;
				CLANG_WARN_BOOL_CONVERSION = YES;
				CLANG_WARN_COMMA = YES;
				CLANG_WARN_CONSTANT_CONVERSION = YES;
				CLANG_WARN_DEPRECATED_OBJC_IMPLEMENTATIONS = YES;
				CLANG_WARN_DIRECT_OBJC_ISA_USAGE = YES_ERROR;
				CLANG_WARN_DOCUMENTATION_COMMENTS = YES;
				CLANG_WARN_EMPTY_BODY = YES;
				CLANG_WARN_ENUM_CONVERSION = YES;
				CLANG_WARN_INFINITE_RECURSION = YES;
				CLANG_WARN_INT_CONVERSION = YES;
				CLANG_WARN_NON_LITERAL_NULL_CONVERSION = YES;
				CLANG_WARN_OBJC_IMPLICIT_RETAIN_SELF = YES;
				CLANG_WARN_OBJC_LITERAL_CONVERSION = YES;
				CLANG_WARN_OBJC_ROOT_CLASS = YES_ERROR;
				CLANG_WARN_RANGE_LOOP_ANALYSIS = YES;
				CLANG_WARN_STRICT_PROTOTYPES = YES;
				CLANG_WARN_SUSPICIOUS_MOVE = YES;
				CLANG_WARN_UNGUARDED_AVAILABILITY = YES_AGGRESSIVE;
				CLANG_WARN_UNREACHABLE_CODE = YES;
				CLANG_WARN__DUPLICATE_METHOD_MATCH = YES;
				COPY_PHASE_STRIP = NO;
				DEBUG_INFORMATION_FORMAT = dwarf;
				ENABLE_STRICT_OBJC_MSGSEND = YES;
				ENABLE_TESTABILITY = YES;
				GCC_C_LANGUAGE_STANDARD = gnu11;
				GCC_DYNAMIC_NO_PIC = NO;
				GCC_NO_COMMON_BLOCKS = YES;
				GCC_OPTIMIZATION_LEVEL = 0;
				GCC_PREPROCESSOR_DEFINITIONS = (
					"DEBUG=1",
					"$(inherited)",
				);
				GCC_WARN_64_TO_32_BIT_CONVERSION = YES;
				GCC_WARN_ABOUT_RETURN_TYPE = YES_ERROR;
				GCC_WARN_UNDECLARED_SELECTOR = YES;
				GCC_WARN_UNINITIALIZED_AUTOS = YES_AGGRESSIVE;
				GCC_WARN_UNUSED_FUNCTION = YES;
				GCC_WARN_UNUSED_VARIABLE = YES;
				IPHONEOS_DEPLOYMENT_TARGET = 13.5;
				MTL_ENABLE_DEBUG_INFO = INCLUDE_SOURCE;
				MTL_FAST_MATH = YES;
				ONLY_ACTIVE_ARCH = YES;
				SDKROOT = iphoneos;
			};
			name = Debug;
		};
		D844506A247FC74900482B49 /* Release */ = {
			isa = XCBuildConfiguration;
			buildSettings = {
				ALWAYS_SEARCH_USER_PATHS = NO;
				CLANG_ANALYZER_NONNULL = YES;
				CLANG_ANALYZER_NUMBER_OBJECT_CONVERSION = YES_AGGRESSIVE;
				CLANG_CXX_LANGUAGE_STANDARD = "gnu++14";
				CLANG_CXX_LIBRARY = "libc++";
				CLANG_ENABLE_MODULES = YES;
				CLANG_ENABLE_OBJC_ARC = YES;
				CLANG_ENABLE_OBJC_WEAK = YES;
				CLANG_WARN_BLOCK_CAPTURE_AUTORELEASING = YES;
				CLANG_WARN_BOOL_CONVERSION = YES;
				CLANG_WARN_COMMA = YES;
				CLANG_WARN_CONSTANT_CONVERSION = YES;
				CLANG_WARN_DEPRECATED_OBJC_IMPLEMENTATIONS = YES;
				CLANG_WARN_DIRECT_OBJC_ISA_USAGE = YES_ERROR;
				CLANG_WARN_DOCUMENTATION_COMMENTS = YES;
				CLANG_WARN_EMPTY_BODY = YES;
				CLANG_WARN_ENUM_CONVERSION = YES;
				CLANG_WARN_INFINITE_RECURSION = YES;
				CLANG_WARN_INT_CONVERSION = YES;
				CLANG_WARN_NON_LITERAL_NULL_CONVERSION = YES;
				CLANG_WARN_OBJC_IMPLICIT_RETAIN_SELF = YES;
				CLANG_WARN_OBJC_LITERAL_CONVERSION = YES;
				CLANG_WARN_OBJC_ROOT_CLASS = YES_ERROR;
				CLANG_WARN_RANGE_LOOP_ANALYSIS = YES;
				CLANG_WARN_STRICT_PROTOTYPES = YES;
				CLANG_WARN_SUSPICIOUS_MOVE = YES;
				CLANG_WARN_UNGUARDED_AVAILABILITY = YES_AGGRESSIVE;
				CLANG_WARN_UNREACHABLE_CODE = YES;
				CLANG_WARN__DUPLICATE_METHOD_MATCH = YES;
				COPY_PHASE_STRIP = NO;
				DEBUG_INFORMATION_FORMAT = "dwarf-with-dsym";
				ENABLE_NS_ASSERTIONS = NO;
				ENABLE_STRICT_OBJC_MSGSEND = YES;
				GCC_C_LANGUAGE_STANDARD = gnu11;
				GCC_NO_COMMON_BLOCKS = YES;
				GCC_WARN_64_TO_32_BIT_CONVERSION = YES;
				GCC_WARN_ABOUT_RETURN_TYPE = YES_ERROR;
				GCC_WARN_UNDECLARED_SELECTOR = YES;
				GCC_WARN_UNINITIALIZED_AUTOS = YES_AGGRESSIVE;
				GCC_WARN_UNUSED_FUNCTION = YES;
				GCC_WARN_UNUSED_VARIABLE = YES;
				IPHONEOS_DEPLOYMENT_TARGET = 13.5;
				MTL_ENABLE_DEBUG_INFO = NO;
				MTL_FAST_MATH = YES;
				SDKROOT = iphoneos;
				VALIDATE_PRODUCT = YES;
			};
			name = Release;
		};
		D844506C247FC74900482B49 /* Debug */ = {
			isa = XCBuildConfiguration;
			buildSettings = {
				ASSETCATALOG_COMPILER_APPICON_NAME = AppIcon;
				CODE_SIGN_STYLE = Automatic;
				DEVELOPMENT_TEAM = RB992S6XRV;
				INFOPLIST_FILE = fuckpods/Info.plist;
				LD_RUNPATH_SEARCH_PATHS = (
					"$(inherited)",
					"@executable_path/Frameworks",
				);
				PRODUCT_BUNDLE_IDENTIFIER = com.cytx.fuckpods;
				PRODUCT_NAME = "$(TARGET_NAME)";
				TARGETED_DEVICE_FAMILY = "1,2";
			};
			name = Debug;
		};
		D844506D247FC74900482B49 /* Release */ = {
			isa = XCBuildConfiguration;
			buildSettings = {
				ASSETCATALOG_COMPILER_APPICON_NAME = AppIcon;
				CODE_SIGN_STYLE = Automatic;
				DEVELOPMENT_TEAM = RB992S6XRV;
				INFOPLIST_FILE = fuckpods/Info.plist;
				LD_RUNPATH_SEARCH_PATHS = (
					"$(inherited)",
					"@executable_path/Frameworks",
				);
				PRODUCT_BUNDLE_IDENTIFIER = com.cytx.fuckpods;
				PRODUCT_NAME = "$(TARGET_NAME)";
				TARGETED_DEVICE_FAMILY = "1,2";
			};
			name = Release;
		};
		D844506F247FC74900482B49 /* Debug */ = {
			isa = XCBuildConfiguration;
			buildSettings = {
				BUNDLE_LOADER = "$(TEST_HOST)";
				CODE_SIGN_STYLE = Automatic;
				DEVELOPMENT_TEAM = RB992S6XRV;
				INFOPLIST_FILE = fuckpodsTests/Info.plist;
				IPHONEOS_DEPLOYMENT_TARGET = 13.5;
				LD_RUNPATH_SEARCH_PATHS = (
					"$(inherited)",
					"@executable_path/Frameworks",
					"@loader_path/Frameworks",
				);
				PRODUCT_BUNDLE_IDENTIFIER = com.cytx.fuckpodsTests;
				PRODUCT_NAME = "$(TARGET_NAME)";
				TARGETED_DEVICE_FAMILY = "1,2";
				TEST_HOST = "$(BUILT_PRODUCTS_DIR)/fuckpods.app/fuckpods";
			};
			name = Debug;
		};
		D8445070247FC74900482B49 /* Release */ = {
			isa = XCBuildConfiguration;
			buildSettings = {
				BUNDLE_LOADER = "$(TEST_HOST)";
				CODE_SIGN_STYLE = Automatic;
				DEVELOPMENT_TEAM = RB992S6XRV;
				INFOPLIST_FILE = fuckpodsTests/Info.plist;
				IPHONEOS_DEPLOYMENT_TARGET = 13.5;
				LD_RUNPATH_SEARCH_PATHS = (
					"$(inherited)",
					"@executable_path/Frameworks",
					"@loader_path/Frameworks",
				);
				PRODUCT_BUNDLE_IDENTIFIER = com.cytx.fuckpodsTests;
				PRODUCT_NAME = "$(TARGET_NAME)";
				TARGETED_DEVICE_FAMILY = "1,2";
				TEST_HOST = "$(BUILT_PRODUCTS_DIR)/fuckpods.app/fuckpods";
			};
			name = Release;
		};
		D8445072247FC74900482B49 /* Debug */ = {
			isa = XCBuildConfiguration;
			buildSettings = {
				CODE_SIGN_STYLE = Automatic;
				DEVELOPMENT_TEAM = RB992S6XRV;
				INFOPLIST_FILE = fuckpodsUITests/Info.plist;
				LD_RUNPATH_SEARCH_PATHS = (
					"$(inherited)",
					"@executable_path/Frameworks",
					"@loader_path/Frameworks",
				);
				PRODUCT_BUNDLE_IDENTIFIER = com.cytx.fuckpodsUITests;
				PRODUCT_NAME = "$(TARGET_NAME)";
				TARGETED_DEVICE_FAMILY = "1,2";
				TEST_TARGET_NAME = fuckpods;
			};
			name = Debug;
		};
		D8445073247FC74900482B49 /* Release */ = {
			isa = XCBuildConfiguration;
			buildSettings = {
				CODE_SIGN_STYLE = Automatic;
				DEVELOPMENT_TEAM = RB992S6XRV;
				INFOPLIST_FILE = fuckpodsUITests/Info.plist;
				LD_RUNPATH_SEARCH_PATHS = (
					"$(inherited)",
					"@executable_path/Frameworks",
					"@loader_path/Frameworks",
				);
				PRODUCT_BUNDLE_IDENTIFIER = com.cytx.fuckpodsUITests;
				PRODUCT_NAME = "$(TARGET_NAME)";
				TARGETED_DEVICE_FAMILY = "1,2";
				TEST_TARGET_NAME = fuckpods;
			};
			name = Release;
		};
/* End XCBuildConfiguration section */

/* Begin XCConfigurationList section */
		D8445037247FC74800482B49 /* Build configuration list for PBXProject "fuckpods" */ = {
			isa = XCConfigurationList;
			buildConfigurations = (
				D8445069247FC74900482B49 /* Debug */,
				D844506A247FC74900482B49 /* Release */,
			);
			defaultConfigurationIsVisible = 0;
			defaultConfigurationName = Release;
		};
		D844506B247FC74900482B49 /* Build configuration list for PBXNativeTarget "fuckpods" */ = {
			isa = XCConfigurationList;
			buildConfigurations = (
				D844506C247FC74900482B49 /* Debug */,
				D844506D247FC74900482B49 /* Release */,
			);
			defaultConfigurationIsVisible = 0;
			defaultConfigurationName = Release;
		};
		D844506E247FC74900482B49 /* Build configuration list for PBXNativeTarget "fuckpodsTests" */ = {
			isa = XCConfigurationList;
			buildConfigurations = (
				D844506F247FC74900482B49 /* Debug */,
				D8445070247FC74900482B49 /* Release */,
			);
			defaultConfigurationIsVisible = 0;
			defaultConfigurationName = Release;
		};
		D8445071247FC74900482B49 /* Build configuration list for PBXNativeTarget "fuckpodsUITests" */ = {
			isa = XCConfigurationList;
			buildConfigurations = (
				D8445072247FC74900482B49 /* Debug */,
				D8445073247FC74900482B49 /* Release */,
			);
			defaultConfigurationIsVisible = 0;
			defaultConfigurationName = Release;
		};
/* End XCConfigurationList section */
	};
	rootObject = D8445034247FC74800482B49 /* Project object */;
}
